
Microsoft Visual Studio Solution File, Format Version 12.00
# Visual Studio Version 17
VisualStudioVersion = 17.2.32408.312
MinimumVisualStudioVersion = 10.0.40219.1
Project("{9A19103F-16F7-4668-BE54-9A1E7A4F7556}") = "Flow.Launcher.Plugin.CSVLookup", "Flow.Launcher.Plugin.CSVLookup\Flow.Launcher.Plugin.CSVLookup.csproj", "{608FED07-23F3-4ED1-9621-686961F477B0}"
EndProject
Global
	GlobalSection(SolutionConfigurationPlatforms) = preSolution
		Debug|Any CPU = Debug|Any CPU
		Release|Any CPU = Release|Any CPU
	EndGlobalSection
	GlobalSection(ProjectConfigurationPlatforms) = postSolution
		{608FED07-23F3-4ED1-9621-686961F477B0}.Debug|Any CPU.ActiveCfg = Debug|Any CPU
		{608FED07-23F3-4ED1-9621-686961F477B0}.Debug|Any CPU.Build.0 = Debug|Any CPU
		{608FED07-23F3-4ED1-9621-686961F477B0}.Release|Any CPU.ActiveCfg = Release|Any CPU
		{608FED07-23F3-4ED1-9621-686961F477B0}.Release|Any CPU.Build.0 = Release|Any CPU
	EndGlobalSection
	GlobalSection(SolutionProperties) = preSolution
		HideSolutionNode = FALSE
	EndGlobalSection
	GlobalSection(ExtensibilityGlobals) = postSolution
		SolutionGuid = {CD726A69-D28F-462A-B340-666D14794518}
	EndGlobalSection
EndGlobal
